
Microsoft Visual Studio Solution File, Format Version 12.00
# Visual Studio Version 17
VisualStudioVersion = 17.10.34928.147
MinimumVisualStudioVersion = 10.0.40219.1
Project("{FAE04EC0-301F-11D3-BF4B-00C04F79EFBC}") = "BankOOP", "BankOOP.csproj", "{89117DF4-3D47-40BC-8A75-6268D8D4879C}"
EndProject
Global
	GlobalSection(SolutionConfigurationPlatforms) = preSolution
		Debug|Any CPU = Debug|Any CPU
		Release|Any CPU = Release|Any CPU
	EndGlobalSection
	GlobalSection(ProjectConfigurationPlatforms) = postSolution
		{89117DF4-3D47-40BC-8A75-6268D8D4879C}.Debug|Any CPU.ActiveCfg = Debug|Any CPU
		{89117DF4-3D47-40BC-8A75-6268D8D4879C}.Debug|Any CPU.Build.0 = Debug|Any CPU
		{89117DF4-3D47-40BC-8A75-6268D8D4879C}.Release|Any CPU.ActiveCfg = Release|Any CPU
		{89117DF4-3D47-40BC-8A75-6268D8D4879C}.Release|Any CPU.Build.0 = Release|Any CPU
	EndGlobalSection
	GlobalSection(SolutionProperties) = preSolution
		HideSolutionNode = FALSE
	EndGlobalSection
	GlobalSection(ExtensibilityGlobals) = postSolution
		SolutionGuid = {895EB498-E3FE-4115-9C5E-ABEB0E607409}
	EndGlobalSection
EndGlobal
